
Microsoft Visual Studio Solution File, Format Version 12.00
# Visual Studio Version 16
VisualStudioVersion = 16.0.30011.22
MinimumVisualStudioVersion = 10.0.40219.1
Project("{FAE04EC0-301F-11D3-BF4B-00C04F79EFBC}") = "NeuraLabInterviewTest", "NeuraLabInterviewTest\NeuraLabInterviewTest.csproj", "{B76F940B-1562-4B76-8E68-54C9BCFE6F90}"
EndProject
Global
	GlobalSection(SolutionConfigurationPlatforms) = preSolution
		Debug|Any CPU = Debug|Any CPU
		Release|Any CPU = Release|Any CPU
	EndGlobalSection
	GlobalSection(ProjectConfigurationPlatforms) = postSolution
		{B76F940B-1562-4B76-8E68-54C9BCFE6F90}.Debug|Any CPU.ActiveCfg = Debug|Any CPU
		{B76F940B-1562-4B76-8E68-54C9BCFE6F90}.Debug|Any CPU.Build.0 = Debug|Any CPU
		{B76F940B-1562-4B76-8E68-54C9BCFE6F90}.Release|Any CPU.ActiveCfg = Release|Any CPU
		{B76F940B-1562-4B76-8E68-54C9BCFE6F90}.Release|Any CPU.Build.0 = Release|Any CPU
	EndGlobalSection
	GlobalSection(SolutionProperties) = preSolution
		HideSolutionNode = FALSE
	EndGlobalSection
	GlobalSection(ExtensibilityGlobals) = postSolution
		SolutionGuid = {723395D5-E59F-49E0-84CB-BEFDC60EE464}
	EndGlobalSection
EndGlobal
